// !$*UTF8*$!
{
	archiveVersion = 1;
	classes = {
	};
	objectVersion = 55;
	objects = {

/* Begin PBXBuildFile section */
		B5614B9F28AB50B900A4726A /* InfoData.swift in Sources */ = {isa = PBXBuildFile; fileRef = B5614B9E28AB50B900A4726A /* InfoData.swift */; };
		B562DBD428AB7CFC00639850 /* AddHabitController.swift in Sources */ = {isa = PBXBuildFile; fileRef = B562DBD328AB7CFC00639850 /* AddHabitController.swift */; };
		B562DBD628AB810E00639850 /* Styles.swift in Sources */ = {isa = PBXBuildFile; fileRef = B562DBD528AB810E00639850 /* Styles.swift */; };
		B562DBD828AB81AF00639850 /* UIExtensions.swift in Sources */ = {isa = PBXBuildFile; fileRef = B562DBD728AB81AF00639850 /* UIExtensions.swift */; };
		B562DBDB28AB83E100639850 /* ProgressCollectionViewCell.swift in Sources */ = {isa = PBXBuildFile; fileRef = B562DBDA28AB83E100639850 /* ProgressCollectionViewCell.swift */; };
		B562DBDD28AB87CD00639850 /* HabitCollectionViewCell.swift in Sources */ = {isa = PBXBuildFile; fileRef = B562DBDC28AB87CD00639850 /* HabitCollectionViewCell.swift */; };
		B562DBDF28AB8FF200639850 /* HabitDetailsViewController.swift in Sources */ = {isa = PBXBuildFile; fileRef = B562DBDE28AB8FF200639850 /* HabitDetailsViewController.swift */; };
		B562DBE128AB911200639850 /* HabitDetailViewCell.swift in Sources */ = {isa = PBXBuildFile; fileRef = B562DBE028AB911200639850 /* HabitDetailViewCell.swift */; };
		B5B0481628A3335A00331FD9 /* AppDelegate.swift in Sources */ = {isa = PBXBuildFile; fileRef = B5B0481528A3335A00331FD9 /* AppDelegate.swift */; };
		B5B0481828A3335A00331FD9 /* SceneDelegate.swift in Sources */ = {isa = PBXBuildFile; fileRef = B5B0481728A3335A00331FD9 /* SceneDelegate.swift */; };
		B5B0481F28A3335D00331FD9 /* Assets.xcassets in Resources */ = {isa = PBXBuildFile; fileRef = B5B0481E28A3335D00331FD9 /* Assets.xcassets */; };
		B5B0482228A3335D00331FD9 /* LaunchScreen.storyboard in Resources */ = {isa = PBXBuildFile; fileRef = B5B0482028A3335D00331FD9 /* LaunchScreen.storyboard */; };
		B5F69D1628A397ED00BCAD01 /* SFProDisplay-Regular.ttf in Resources */ = {isa = PBXBuildFile; fileRef = B5F69D1528A397ED00BCAD01 /* SFProDisplay-Regular.ttf */; };
		B5F69D1928A39C4D00BCAD01 /* HabitsStore.swift in Sources */ = {isa = PBXBuildFile; fileRef = B5F69D1828A39C4D00BCAD01 /* HabitsStore.swift */; };
		B5F69D1B28A39CB900BCAD01 /* HabitsViewController.swift in Sources */ = {isa = PBXBuildFile; fileRef = B5F69D1A28A39CB900BCAD01 /* HabitsViewController.swift */; };
		B5F69D1D28A39CD400BCAD01 /* InfoViewController.swift in Sources */ = {isa = PBXBuildFile; fileRef = B5F69D1C28A39CD400BCAD01 /* InfoViewController.swift */; };
/* End PBXBuildFile section */

/* Begin PBXFileReference section */
		B5614B9E28AB50B900A4726A /* InfoData.swift */ = {isa = PBXFileReference; lastKnownFileType = sourcecode.swift; path = InfoData.swift; sourceTree = "<group>"; };
		B562DBD328AB7CFC00639850 /* AddHabitController.swift */ = {isa = PBXFileReference; lastKnownFileType = sourcecode.swift; path = AddHabitController.swift; sourceTree = "<group>"; };
		B562DBD528AB810E00639850 /* Styles.swift */ = {isa = PBXFileReference; lastKnownFileType = sourcecode.swift; path = Styles.swift; sourceTree = "<group>"; };
		B562DBD728AB81AF00639850 /* UIExtensions.swift */ = {isa = PBXFileReference; lastKnownFileType = sourcecode.swift; path = UIExtensions.swift; sourceTree = "<group>"; };
		B562DBDA28AB83E100639850 /* ProgressCollectionViewCell.swift */ = {isa = PBXFileReference; lastKnownFileType = sourcecode.swift; path = ProgressCollectionViewCell.swift; sourceTree = "<group>"; };
		B562DBDC28AB87CD00639850 /* HabitCollectionViewCell.swift */ = {isa = PBXFileReference; lastKnownFileType = sourcecode.swift; path = HabitCollectionViewCell.swift; sourceTree = "<group>"; };
		B562DBDE28AB8FF200639850 /* HabitDetailsViewController.swift */ = {isa = PBXFileReference; lastKnownFileType = sourcecode.swift; path = HabitDetailsViewController.swift; sourceTree = "<group>"; };
		B562DBE028AB911200639850 /* HabitDetailViewCell.swift */ = {isa = PBXFileReference; lastKnownFileType = sourcecode.swift; path = HabitDetailViewCell.swift; sourceTree = "<group>"; };
		B5B0481228A3335A00331FD9 /* MyHabits.app */ = {isa = PBXFileReference; explicitFileType = wrapper.application; includeInIndex = 0; path = MyHabits.app; sourceTree = BUILT_PRODUCTS_DIR; };
		B5B0481528A3335A00331FD9 /* AppDelegate.swift */ = {isa = PBXFileReference; lastKnownFileType = sourcecode.swift; path = AppDelegate.swift; sourceTree = "<group>"; };
		B5B0481728A3335A00331FD9 /* SceneDelegate.swift */ = {isa = PBXFileReference; lastKnownFileType = sourcecode.swift; path = SceneDelegate.swift; sourceTree = "<group>"; };
		B5B0481E28A3335D00331FD9 /* Assets.xcassets */ = {isa = PBXFileReference; lastKnownFileType = folder.assetcatalog; path = Assets.xcassets; sourceTree = "<group>"; };
		B5B0482128A3335D00331FD9 /* Base */ = {isa = PBXFileReference; lastKnownFileType = file.storyboard; name = Base; path = Base.lproj/LaunchScreen.storyboard; sourceTree = "<group>"; };
		B5B0482328A3335D00331FD9 /* Info.plist */ = {isa = PBXFileReference; lastKnownFileType = text.plist.xml; path = Info.plist; sourceTree = "<group>"; };
		B5F69D1528A397ED00BCAD01 /* SFProDisplay-Regular.ttf */ = {isa = PBXFileReference; lastKnownFileType = file; path = "SFProDisplay-Regular.ttf"; sourceTree = "<group>"; };
		B5F69D1828A39C4D00BCAD01 /* HabitsStore.swift */ = {isa = PBXFileReference; lastKnownFileType = sourcecode.swift; path = HabitsStore.swift; sourceTree = "<group>"; };
		B5F69D1A28A39CB900BCAD01 /* HabitsViewController.swift */ = {isa = PBXFileReference; lastKnownFileType = sourcecode.swift; path = HabitsViewController.swift; sourceTree = "<group>"; };
		B5F69D1C28A39CD400BCAD01 /* InfoViewController.swift */ = {isa = PBXFileReference; lastKnownFileType = sourcecode.swift; path = InfoViewController.swift; sourceTree = "<group>"; };
/* End PBXFileReference section */

/* Begin PBXFrameworksBuildPhase section */
		B5B0480F28A3335A00331FD9 /* Frameworks */ = {
			isa = PBXFrameworksBuildPhase;
			buildActionMask = 2147483647;
			files = (
			);
			runOnlyForDeploymentPostprocessing = 0;
		};
/* End PBXFrameworksBuildPhase section */

/* Begin PBXGroup section */
		B5614B9C28AB504500A4726A /* Info */ = {
			isa = PBXGroup;
			children = (
				B5F69D1C28A39CD400BCAD01 /* InfoViewController.swift */,
				B5614B9E28AB50B900A4726A /* InfoData.swift */,
			);
			path = Info;
			sourceTree = "<group>";
		};
		B5614B9D28AB506E00A4726A /* Habits */ = {
			isa = PBXGroup;
			children = (
				B5F69D1828A39C4D00BCAD01 /* HabitsStore.swift */,
				B562DBDC28AB87CD00639850 /* HabitCollectionViewCell.swift */,
				B5F69D1A28A39CB900BCAD01 /* HabitsViewController.swift */,
				B562DBD328AB7CFC00639850 /* AddHabitController.swift */,
				B562DBDA28AB83E100639850 /* ProgressCollectionViewCell.swift */,
				B562DBDE28AB8FF200639850 /* HabitDetailsViewController.swift */,
				B562DBE028AB911200639850 /* HabitDetailViewCell.swift */,
			);
			path = Habits;
			sourceTree = "<group>";
		};
		B562DBD928AB833000639850 /* UI */ = {
			isa = PBXGroup;
			children = (
				B562DBD528AB810E00639850 /* Styles.swift */,
				B562DBD728AB81AF00639850 /* UIExtensions.swift */,
			);
			path = UI;
			sourceTree = "<group>";
		};
		B5B0480928A3335A00331FD9 = {
			isa = PBXGroup;
			children = (
				B5B0481428A3335A00331FD9 /* MyHabits */,
				B5B0481328A3335A00331FD9 /* Products */,
			);
			sourceTree = "<group>";
		};
		B5B0481328A3335A00331FD9 /* Products */ = {
			isa = PBXGroup;
			children = (
				B5B0481228A3335A00331FD9 /* MyHabits.app */,
			);
			name = Products;
			sourceTree = "<group>";
		};
		B5B0481428A3335A00331FD9 /* MyHabits */ = {
			isa = PBXGroup;
			children = (
				B5B0481528A3335A00331FD9 /* AppDelegate.swift */,
				B5B0481728A3335A00331FD9 /* SceneDelegate.swift */,
				B5B0482028A3335D00331FD9 /* LaunchScreen.storyboard */,
				B562DBD928AB833000639850 /* UI */,
				B5614B9C28AB504500A4726A /* Info */,
				B5614B9D28AB506E00A4726A /* Habits */,
				B5F69D1728A397FF00BCAD01 /* fonts */,
				B5B0481E28A3335D00331FD9 /* Assets.xcassets */,
				B5B0482328A3335D00331FD9 /* Info.plist */,
			);
			path = MyHabits;
			sourceTree = "<group>";
		};
		B5F69D1728A397FF00BCAD01 /* fonts */ = {
			isa = PBXGroup;
			children = (
				B5F69D1528A397ED00BCAD01 /* SFProDisplay-Regular.ttf */,
			);
			path = fonts;
			sourceTree = "<group>";
		};
/* End PBXGroup section */

/* Begin PBXNativeTarget section */
		B5B0481128A3335A00331FD9 /* MyHabits */ = {
			isa = PBXNativeTarget;
			buildConfigurationList = B5B0482628A3335D00331FD9 /* Build configuration list for PBXNativeTarget "MyHabits" */;
			buildPhases = (
				B5B0480E28A3335A00331FD9 /* Sources */,
				B5B0480F28A3335A00331FD9 /* Frameworks */,
				B5B0481028A3335A00331FD9 /* Resources */,
			);
			buildRules = (
			);
			dependencies = (
			);
			name = MyHabits;
			productName = MyHabits;
			productReference = B5B0481228A3335A00331FD9 /* MyHabits.app */;
			productType = "com.apple.product-type.application";
		};
/* End PBXNativeTarget section */

/* Begin PBXProject section */
		B5B0480A28A3335A00331FD9 /* Project object */ = {
			isa = PBXProject;
			attributes = {
				BuildIndependentTargetsInParallel = 1;
				LastSwiftUpdateCheck = 1340;
				LastUpgradeCheck = 1340;
				TargetAttributes = {
					B5B0481128A3335A00331FD9 = {
						CreatedOnToolsVersion = 13.4.1;
					};
				};
			};
			buildConfigurationList = B5B0480D28A3335A00331FD9 /* Build configuration list for PBXProject "MyHabits" */;
			compatibilityVersion = "Xcode 13.0";
			developmentRegion = en;
			hasScannedForEncodings = 0;
			knownRegions = (
				en,
				Base,
			);
			mainGroup = B5B0480928A3335A00331FD9;
			productRefGroup = B5B0481328A3335A00331FD9 /* Products */;
			projectDirPath = "";
			projectRoot = "";
			targets = (
				B5B0481128A3335A00331FD9 /* MyHabits */,
			);
		};
/* End PBXProject section */

/* Begin PBXResourcesBuildPhase section */
		B5B0481028A3335A00331FD9 /* Resources */ = {
			isa = PBXResourcesBuildPhase;
			buildActionMask = 2147483647;
			files = (
				B5B0482228A3335D00331FD9 /* LaunchScreen.storyboard in Resources */,
				B5B0481F28A3335D00331FD9 /* Assets.xcassets in Resources */,
				B5F69D1628A397ED00BCAD01 /* SFProDisplay-Regular.ttf in Resources */,
			);
			runOnlyForDeploymentPostprocessing = 0;
		};
/* End PBXResourcesBuildPhase section */

/* Begin PBXSourcesBuildPhase section */
		B5B0480E28A3335A00331FD9 /* Sources */ = {
			isa = PBXSourcesBuildPhase;
			buildActionMask = 2147483647;
			files = (
				B5F69D1928A39C4D00BCAD01 /* HabitsStore.swift in Sources */,
				B5B0481628A3335A00331FD9 /* AppDelegate.swift in Sources */,
				B562DBD428AB7CFC00639850 /* AddHabitController.swift in Sources */,
				B562DBD628AB810E00639850 /* Styles.swift in Sources */,
				B562DBDF28AB8FF200639850 /* HabitDetailsViewController.swift in Sources */,
				B562DBDD28AB87CD00639850 /* HabitCollectionViewCell.swift in Sources */,
				B5F69D1B28A39CB900BCAD01 /* HabitsViewController.swift in Sources */,
				B5614B9F28AB50B900A4726A /* InfoData.swift in Sources */,
				B562DBDB28AB83E100639850 /* ProgressCollectionViewCell.swift in Sources */,
				B5F69D1D28A39CD400BCAD01 /* InfoViewController.swift in Sources */,
				B562DBD828AB81AF00639850 /* UIExtensions.swift in Sources */,
				B5B0481828A3335A00331FD9 /* SceneDelegate.swift in Sources */,
				B562DBE128AB911200639850 /* HabitDetailViewCell.swift in Sources */,
			);
			runOnlyForDeploymentPostprocessing = 0;
		};
/* End PBXSourcesBuildPhase section */

/* Begin PBXVariantGroup section */
		B5B0482028A3335D00331FD9 /* LaunchScreen.storyboard */ = {
			isa = PBXVariantGroup;
			children = (
				B5B0482128A3335D00331FD9 /* Base */,
			);
			name = LaunchScreen.storyboard;
			sourceTree = "<group>";
		};
/* End PBXVariantGroup section */

/* Begin XCBuildConfiguration section */
		B5B0482428A3335D00331FD9 /* Debug */ = {
			isa = XCBuildConfiguration;
			buildSettings = {
				ALWAYS_SEARCH_USER_PATHS = NO;
				CLANG_ANALYZER_NONNULL = YES;
				CLANG_ANALYZER_NUMBER_OBJECT_CONVERSION = YES_AGGRESSIVE;
				CLANG_CXX_LANGUAGE_STANDARD = "gnu++17";
				CLANG_ENABLE_MODULES = YES;
				CLANG_ENABLE_OBJC_ARC = YES;
				CLANG_ENABLE_OBJC_WEAK = YES;
				CLANG_WARN_BLOCK_CAPTURE_AUTORELEASING = YES;
				CLANG_WARN_BOOL_CONVERSION = YES;
				CLANG_WARN_COMMA = YES;
				CLANG_WARN_CONSTANT_CONVERSION = YES;
				CLANG_WARN_DEPRECATED_OBJC_IMPLEMENTATIONS = YES;
				CLANG_WARN_DIRECT_OBJC_ISA_USAGE = YES_ERROR;
				CLANG_WARN_DOCUMENTATION_COMMENTS = YES;
				CLANG_WARN_EMPTY_BODY = YES;
				CLANG_WARN_ENUM_CONVERSION = YES;
				CLANG_WARN_INFINITE_RECURSION = YES;
				CLANG_WARN_INT_CONVERSION = YES;
				CLANG_WARN_NON_LITERAL_NULL_CONVERSION = YES;
				CLANG_WARN_OBJC_IMPLICIT_RETAIN_SELF = YES;
				CLANG_WARN_OBJC_LITERAL_CONVERSION = YES;
				CLANG_WARN_OBJC_ROOT_CLASS = YES_ERROR;
				CLANG_WARN_QUOTED_INCLUDE_IN_FRAMEWORK_HEADER = YES;
				CLANG_WARN_RANGE_LOOP_ANALYSIS = YES;
				CLANG_WARN_STRICT_PROTOTYPES = YES;
				CLANG_WARN_SUSPICIOUS_MOVE = YES;
				CLANG_WARN_UNGUARDED_AVAILABILITY = YES_AGGRESSIVE;
				CLANG_WARN_UNREACHABLE_CODE = YES;
				CLANG_WARN__DUPLICATE_METHOD_MATCH = YES;
				COPY_PHASE_STRIP = NO;
				DEBUG_INFORMATION_FORMAT = dwarf;
				ENABLE_STRICT_OBJC_MSGSEND = YES;
				ENABLE_TESTABILITY = YES;
				GCC_C_LANGUAGE_STANDARD = gnu11;
				GCC_DYNAMIC_NO_PIC = NO;
				GCC_NO_COMMON_BLOCKS = YES;
				GCC_OPTIMIZATION_LEVEL = 0;
				GCC_PREPROCESSOR_DEFINITIONS = (
					"DEBUG=1",
					"$(inherited)",
				);
				GCC_WARN_64_TO_32_BIT_CONVERSION = YES;
				GCC_WARN_ABOUT_RETURN_TYPE = YES_ERROR;
				GCC_WARN_UNDECLARED_SELECTOR = YES;
				GCC_WARN_UNINITIALIZED_AUTOS = YES_AGGRESSIVE;
				GCC_WARN_UNUSED_FUNCTION = YES;
				GCC_WARN_UNUSED_VARIABLE = YES;
				IPHONEOS_DEPLOYMENT_TARGET = 15.5;
				MTL_ENABLE_DEBUG_INFO = INCLUDE_SOURCE;
				MTL_FAST_MATH = YES;
				ONLY_ACTIVE_ARCH = YES;
				SDKROOT = iphoneos;
				SWIFT_ACTIVE_COMPILATION_CONDITIONS = DEBUG;
				SWIFT_OPTIMIZATION_LEVEL = "-Onone";
			};
			name = Debug;
		};
		B5B0482528A3335D00331FD9 /* Release */ = {
			isa = XCBuildConfiguration;
			buildSettings = {
				ALWAYS_SEARCH_USER_PATHS = NO;
				CLANG_ANALYZER_NONNULL = YES;
				CLANG_ANALYZER_NUMBER_OBJECT_CONVERSION = YES_AGGRESSIVE;
				CLANG_CXX_LANGUAGE_STANDARD = "gnu++17";
				CLANG_ENABLE_MODULES = YES;
				CLANG_ENABLE_OBJC_ARC = YES;
				CLANG_ENABLE_OBJC_WEAK = YES;
				CLANG_WARN_BLOCK_CAPTURE_AUTORELEASING = YES;
				CLANG_WARN_BOOL_CONVERSION = YES;
				CLANG_WARN_COMMA = YES;
				CLANG_WARN_CONSTANT_CONVERSION = YES;
				CLANG_WARN_DEPRECATED_OBJC_IMPLEMENTATIONS = YES;
				CLANG_WARN_DIRECT_OBJC_ISA_USAGE = YES_ERROR;
				CLANG_WARN_DOCUMENTATION_COMMENTS = YES;
				CLANG_WARN_EMPTY_BODY = YES;
				CLANG_WARN_ENUM_CONVERSION = YES;
				CLANG_WARN_INFINITE_RECURSION = YES;
				CLANG_WARN_INT_CONVERSION = YES;
				CLANG_WARN_NON_LITERAL_NULL_CONVERSION = YES;
				CLANG_WARN_OBJC_IMPLICIT_RETAIN_SELF = YES;
				CLANG_WARN_OBJC_LITERAL_CONVERSION = YES;
				CLANG_WARN_OBJC_ROOT_CLASS = YES_ERROR;
				CLANG_WARN_QUOTED_INCLUDE_IN_FRAMEWORK_HEADER = YES;
				CLANG_WARN_RANGE_LOOP_ANALYSIS = YES;
				CLANG_WARN_STRICT_PROTOTYPES = YES;
				CLANG_WARN_SUSPICIOUS_MOVE = YES;
				CLANG_WARN_UNGUARDED_AVAILABILITY = YES_AGGRESSIVE;
				CLANG_WARN_UNREACHABLE_CODE = YES;
				CLANG_WARN__DUPLICATE_METHOD_MATCH = YES;
				COPY_PHASE_STRIP = NO;
				DEBUG_INFORMATION_FORMAT = "dwarf-with-dsym";
				ENABLE_NS_ASSERTIONS = NO;
				ENABLE_STRICT_OBJC_MSGSEND = YES;
				GCC_C_LANGUAGE_STANDARD = gnu11;
				GCC_NO_COMMON_BLOCKS = YES;
				GCC_WARN_64_TO_32_BIT_CONVERSION = YES;
				GCC_WARN_ABOUT_RETURN_TYPE = YES_ERROR;
				GCC_WARN_UNDECLARED_SELECTOR = YES;
				GCC_WARN_UNINITIALIZED_AUTOS = YES_AGGRESSIVE;
				GCC_WARN_UNUSED_FUNCTION = YES;
				GCC_WARN_UNUSED_VARIABLE = YES;
				IPHONEOS_DEPLOYMENT_TARGET = 15.5;
				MTL_ENABLE_DEBUG_INFO = NO;
				MTL_FAST_MATH = YES;
				SDKROOT = iphoneos;
				SWIFT_COMPILATION_MODE = wholemodule;
				SWIFT_OPTIMIZATION_LEVEL = "-O";
				VALIDATE_PRODUCT = YES;
			};
			name = Release;
		};
		B5B0482728A3335D00331FD9 /* Debug */ = {
			isa = XCBuildConfiguration;
			buildSettings = {
				ASSETCATALOG_COMPILER_APPICON_NAME = AppIcon;
				ASSETCATALOG_COMPILER_GLOBAL_ACCENT_COLOR_NAME = AccentColor;
				CODE_SIGN_STYLE = Automatic;
				CURRENT_PROJECT_VERSION = 1;
				DEVELOPMENT_TEAM = H78WW6837F;
				GENERATE_INFOPLIST_FILE = YES;
				INFOPLIST_FILE = MyHabits/Info.plist;
				INFOPLIST_KEY_UIApplicationSupportsIndirectInputEvents = YES;
				INFOPLIST_KEY_UILaunchStoryboardName = LaunchScreen;
				INFOPLIST_KEY_UISupportedInterfaceOrientations = UIInterfaceOrientationPortrait;
				INFOPLIST_KEY_UISupportedInterfaceOrientations_iPad = "UIInterfaceOrientationPortrait UIInterfaceOrientationPortraitUpsideDown UIInterfaceOrientationLandscapeLeft UIInterfaceOrientationLandscapeRight";
				INFOPLIST_KEY_UISupportedInterfaceOrientations_iPhone = "UIInterfaceOrientationPortrait UIInterfaceOrientationLandscapeLeft UIInterfaceOrientationLandscapeRight";
				LD_RUNPATH_SEARCH_PATHS = (
					"$(inherited)",
					"@executable_path/Frameworks",
				);
				MARKETING_VERSION = 1.0;
				PRODUCT_BUNDLE_IDENTIFIER = com.bolgardanchenko.MyHabitsApp;
				PRODUCT_NAME = "$(TARGET_NAME)";
				SWIFT_EMIT_LOC_STRINGS = YES;
				SWIFT_VERSION = 5.0;
				TARGETED_DEVICE_FAMILY = "1,2";
			};
			name = Debug;
		};
		B5B0482828A3335D00331FD9 /* Release */ = {
			isa = XCBuildConfiguration;
			buildSettings = {
				ASSETCATALOG_COMPILER_APPICON_NAME = AppIcon;
				ASSETCATALOG_COMPILER_GLOBAL_ACCENT_COLOR_NAME = AccentColor;
				CODE_SIGN_STYLE = Automatic;
				CURRENT_PROJECT_VERSION = 1;
				DEVELOPMENT_TEAM = H78WW6837F;
				GENERATE_INFOPLIST_FILE = YES;
				INFOPLIST_FILE = MyHabits/Info.plist;
				INFOPLIST_KEY_UIApplicationSupportsIndirectInputEvents = YES;
				INFOPLIST_KEY_UILaunchStoryboardName = LaunchScreen;
				INFOPLIST_KEY_UISupportedInterfaceOrientations = UIInterfaceOrientationPortrait;
				INFOPLIST_KEY_UISupportedInterfaceOrientations_iPad = "UIInterfaceOrientationPortrait UIInterfaceOrientationPortraitUpsideDown UIInterfaceOrientationLandscapeLeft UIInterfaceOrientationLandscapeRight";
				INFOPLIST_KEY_UISupportedInterfaceOrientations_iPhone = "UIInterfaceOrientationPortrait UIInterfaceOrientationLandscapeLeft UIInterfaceOrientationLandscapeRight";
				LD_RUNPATH_SEARCH_PATHS = (
					"$(inherited)",
					"@executable_path/Frameworks",
				);
				MARKETING_VERSION = 1.0;
				PRODUCT_BUNDLE_IDENTIFIER = com.bolgardanchenko.MyHabitsApp;
				PRODUCT_NAME = "$(TARGET_NAME)";
				SWIFT_EMIT_LOC_STRINGS = YES;
				SWIFT_VERSION = 5.0;
				TARGETED_DEVICE_FAMILY = "1,2";
			};
			name = Release;
		};
/* End XCBuildConfiguration section */

/* Begin XCConfigurationList section */
		B5B0480D28A3335A00331FD9 /* Build configuration list for PBXProject "MyHabits" */ = {
			isa = XCConfigurationList;
			buildConfigurations = (
				B5B0482428A3335D00331FD9 /* Debug */,
				B5B0482528A3335D00331FD9 /* Release */,
			);
			defaultConfigurationIsVisible = 0;
			defaultConfigurationName = Release;
		};
		B5B0482628A3335D00331FD9 /* Build configuration list for PBXNativeTarget "MyHabits" */ = {
			isa = XCConfigurationList;
			buildConfigurations = (
				B5B0482728A3335D00331FD9 /* Debug */,
				B5B0482828A3335D00331FD9 /* Release */,
			);
			defaultConfigurationIsVisible = 0;
			defaultConfigurationName = Release;
		};
/* End XCConfigurationList section */
	};
	rootObject = B5B0480A28A3335A00331FD9 /* Project object */;
}
